// !$*UTF8*$!
{
	archiveVersion = 1;
	classes = {
	};
	objectVersion = 51;
	objects = {

/* Begin PBXBuildFile section */
		4010A0E9A3AFE0548FF76787 /* Pods_Group8Application_WatchKit_Extension.framework in Frameworks */ = {isa = PBXBuildFile; fileRef = 1559B5FEA48FB45D29227E5F /* Pods_Group8Application_WatchKit_Extension.framework */; };
		7661C54825C342C100359328 /* testApp.swift in Sources */ = {isa = PBXBuildFile; fileRef = 7661C54725C342C100359328 /* testApp.swift */; };
		7661C54A25C342C100359328 /* ContentView.swift in Sources */ = {isa = PBXBuildFile; fileRef = 7661C54925C342C100359328 /* ContentView.swift */; };
		7661C54C25C342C400359328 /* Assets.xcassets in Resources */ = {isa = PBXBuildFile; fileRef = 7661C54B25C342C400359328 /* Assets.xcassets */; };
		7661C54F25C342C400359328 /* Preview Assets.xcassets in Resources */ = {isa = PBXBuildFile; fileRef = 7661C54E25C342C400359328 /* Preview Assets.xcassets */; };
		7661C56A25C342C400359328 /* Group8Application WatchKit App.app in Embed Watch Content */ = {isa = PBXBuildFile; fileRef = 7661C56925C342C400359328 /* Group8Application WatchKit App.app */; settings = {ATTRIBUTES = (RemoveHeadersOnCopy, ); }; };
		7661C56F25C342C500359328 /* Assets.xcassets in Resources */ = {isa = PBXBuildFile; fileRef = 7661C56E25C342C500359328 /* Assets.xcassets */; };
		7661C57625C342C500359328 /* Group8Application WatchKit Extension.appex in Embed App Extensions */ = {isa = PBXBuildFile; fileRef = 7661C57525C342C500359328 /* Group8Application WatchKit Extension.appex */; settings = {ATTRIBUTES = (RemoveHeadersOnCopy, ); }; };
		7661C57B25C342C500359328 /* testApp.swift in Sources */ = {isa = PBXBuildFile; fileRef = 7661C57A25C342C500359328 /* testApp.swift */; };
		7661C57D25C342C500359328 /* ContentView.swift in Sources */ = {isa = PBXBuildFile; fileRef = 7661C57C25C342C500359328 /* ContentView.swift */; };
		7661C57F25C342C500359328 /* NotificationController.swift in Sources */ = {isa = PBXBuildFile; fileRef = 7661C57E25C342C500359328 /* NotificationController.swift */; };
		7661C58125C342C500359328 /* NotificationView.swift in Sources */ = {isa = PBXBuildFile; fileRef = 7661C58025C342C500359328 /* NotificationView.swift */; };
		7661C58325C342C500359328 /* ComplicationController.swift in Sources */ = {isa = PBXBuildFile; fileRef = 7661C58225C342C500359328 /* ComplicationController.swift */; };
		7661C58525C342C500359328 /* Assets.xcassets in Resources */ = {isa = PBXBuildFile; fileRef = 7661C58425C342C500359328 /* Assets.xcassets */; };
		7661C58825C342C500359328 /* Preview Assets.xcassets in Resources */ = {isa = PBXBuildFile; fileRef = 7661C58725C342C500359328 /* Preview Assets.xcassets */; };
		7661C5A625C3436A00359328 /* HealthKit.framework in Frameworks */ = {isa = PBXBuildFile; fileRef = 7661C5A525C3436A00359328 /* HealthKit.framework */; };
		7661C5AD25C3441600359328 /* HomeKit.framework in Frameworks */ = {isa = PBXBuildFile; fileRef = 7661C5AC25C3441600359328 /* HomeKit.framework */; };
		7661C5AF25C3442200359328 /* NetworkExtension.framework in Frameworks */ = {isa = PBXBuildFile; fileRef = 7661C5AE25C3442200359328 /* NetworkExtension.framework */; };
		7661C5B625C34A3800359328 /* HealthStore.swift in Sources */ = {isa = PBXBuildFile; fileRef = 7661C5B525C34A3800359328 /* HealthStore.swift */; };
		90E943CA2BA3BCFC0E28B5C6 /* Pods_Group8Application.framework in Frameworks */ = {isa = PBXBuildFile; fileRef = E53AE03911DDB80EE7BEAE2F /* Pods_Group8Application.framework */; };
		9420480A25E3E20800A525BB /* HealthView.swift in Sources */ = {isa = PBXBuildFile; fileRef = 9420480925E3E20800A525BB /* HealthView.swift */; };
		9420480F25E3E7F300A525BB /* FibaroView.swift in Sources */ = {isa = PBXBuildFile; fileRef = 9420480E25E3E7F300A525BB /* FibaroView.swift */; };
		9420481C25E3E8BF00A525BB /* ZWaveView.swift in Sources */ = {isa = PBXBuildFile; fileRef = 9420481B25E3E8BF00A525BB /* ZWaveView.swift */; };
		9420482125E3F92E00A525BB /* HealthStoreWatch.swift in Sources */ = {isa = PBXBuildFile; fileRef = 9420482025E3F92E00A525BB /* HealthStoreWatch.swift */; };
		9420483225E40B2600A525BB /* HealthKit.framework in Frameworks */ = {isa = PBXBuildFile; fileRef = 9420483125E40B2600A525BB /* HealthKit.framework */; };
		9420483425E40B7400A525BB /* HealthKit.framework in Frameworks */ = {isa = PBXBuildFile; fileRef = 9420483125E40B2600A525BB /* HealthKit.framework */; };
		944A9E6825CD8E1C00B2C554 /* HomeKit.swift in Sources */ = {isa = PBXBuildFile; fileRef = 944A9E6725CD8E1C00B2C554 /* HomeKit.swift */; };
		948BD02625D6B78800248E02 /* Step.swift in Sources */ = {isa = PBXBuildFile; fileRef = 948BD02525D6B78800248E02 /* Step.swift */; };
		948BD03225D6BECB00248E02 /* HeartRate.swift in Sources */ = {isa = PBXBuildFile; fileRef = 948BD03125D6BECB00248E02 /* HeartRate.swift */; };
		948BD03925D6D78900248E02 /* HeartRateView.swift in Sources */ = {isa = PBXBuildFile; fileRef = 948BD03825D6D78900248E02 /* HeartRateView.swift */; };
		A36607CBA5C1A6E27DEBCDCE /* Pods_Group8Application_WatchKit_App.framework in Frameworks */ = {isa = PBXBuildFile; fileRef = AEE760D1AE854B1E980F009C /* Pods_Group8Application_WatchKit_App.framework */; };
		CE54DA1725DFEFE800BEE54A /* MQTTClient.swift in Sources */ = {isa = PBXBuildFile; fileRef = CE54DA1625DFEFE800BEE54A /* MQTTClient.swift */; };
/* End PBXBuildFile section */

/* Begin PBXContainerItemProxy section */
		7661C56B25C342C400359328 /* PBXContainerItemProxy */ = {
			isa = PBXContainerItemProxy;
			containerPortal = 7661C53C25C342C000359328 /* Project object */;
			proxyType = 1;
			remoteGlobalIDString = 7661C56825C342C400359328;
			remoteInfo = "test WatchKit App";
		};
		7661C57725C342C500359328 /* PBXContainerItemProxy */ = {
			isa = PBXContainerItemProxy;
			containerPortal = 7661C53C25C342C000359328 /* Project object */;
			proxyType = 1;
			remoteGlobalIDString = 7661C57425C342C500359328;
			remoteInfo = "test WatchKit Extension";
		};
/* End PBXContainerItemProxy section */

/* Begin PBXCopyFilesBuildPhase section */
		7661C59025C342C500359328 /* Embed App Extensions */ = {
			isa = PBXCopyFilesBuildPhase;
			buildActionMask = 2147483647;
			dstPath = "";
			dstSubfolderSpec = 13;
			files = (
				7661C57625C342C500359328 /* Group8Application WatchKit Extension.appex in Embed App Extensions */,
			);
			name = "Embed App Extensions";
			runOnlyForDeploymentPostprocessing = 0;
		};
		7661C59425C342C500359328 /* Embed Watch Content */ = {
			isa = PBXCopyFilesBuildPhase;
			buildActionMask = 2147483647;
			dstPath = "$(CONTENTS_FOLDER_PATH)/Watch";
			dstSubfolderSpec = 16;
			files = (
				7661C56A25C342C400359328 /* Group8Application WatchKit App.app in Embed Watch Content */,
			);
			name = "Embed Watch Content";
			runOnlyForDeploymentPostprocessing = 0;
		};
/* End PBXCopyFilesBuildPhase section */

/* Begin PBXFileReference section */
		1559B5FEA48FB45D29227E5F /* Pods_Group8Application_WatchKit_Extension.framework */ = {isa = PBXFileReference; explicitFileType = wrapper.framework; includeInIndex = 0; path = Pods_Group8Application_WatchKit_Extension.framework; sourceTree = BUILT_PRODUCTS_DIR; };
		260294EE8C329EC085A46CB7 /* Pods-Group8Application WatchKit App.release.xcconfig */ = {isa = PBXFileReference; includeInIndex = 1; lastKnownFileType = text.xcconfig; name = "Pods-Group8Application WatchKit App.release.xcconfig"; path = "Target Support Files/Pods-Group8Application WatchKit App/Pods-Group8Application WatchKit App.release.xcconfig"; sourceTree = "<group>"; };
		5EC132B50393D8A429DF0933 /* Pods-Group8Application WatchKit Extension.debug.xcconfig */ = {isa = PBXFileReference; includeInIndex = 1; lastKnownFileType = text.xcconfig; name = "Pods-Group8Application WatchKit Extension.debug.xcconfig"; path = "Target Support Files/Pods-Group8Application WatchKit Extension/Pods-Group8Application WatchKit Extension.debug.xcconfig"; sourceTree = "<group>"; };
		63BC1DF2A57525E2160D999C /* Pods-Group8Application WatchKit Extension.release.xcconfig */ = {isa = PBXFileReference; includeInIndex = 1; lastKnownFileType = text.xcconfig; name = "Pods-Group8Application WatchKit Extension.release.xcconfig"; path = "Target Support Files/Pods-Group8Application WatchKit Extension/Pods-Group8Application WatchKit Extension.release.xcconfig"; sourceTree = "<group>"; };
		6E8B6BB1A7BB0E58CF1D1580 /* Pods-Group8Application.debug.xcconfig */ = {isa = PBXFileReference; includeInIndex = 1; lastKnownFileType = text.xcconfig; name = "Pods-Group8Application.debug.xcconfig"; path = "Target Support Files/Pods-Group8Application/Pods-Group8Application.debug.xcconfig"; sourceTree = "<group>"; };
		7661C54425C342C100359328 /* Group8Application.app */ = {isa = PBXFileReference; explicitFileType = wrapper.application; includeInIndex = 0; path = Group8Application.app; sourceTree = BUILT_PRODUCTS_DIR; };
		7661C54725C342C100359328 /* testApp.swift */ = {isa = PBXFileReference; lastKnownFileType = sourcecode.swift; path = testApp.swift; sourceTree = "<group>"; };
		7661C54925C342C100359328 /* ContentView.swift */ = {isa = PBXFileReference; lastKnownFileType = sourcecode.swift; path = ContentView.swift; sourceTree = "<group>"; };
		7661C54B25C342C400359328 /* Assets.xcassets */ = {isa = PBXFileReference; lastKnownFileType = folder.assetcatalog; path = Assets.xcassets; sourceTree = "<group>"; };
		7661C54E25C342C400359328 /* Preview Assets.xcassets */ = {isa = PBXFileReference; lastKnownFileType = folder.assetcatalog; path = "Preview Assets.xcassets"; sourceTree = "<group>"; };
		7661C55025C342C400359328 /* Info.plist */ = {isa = PBXFileReference; lastKnownFileType = text.plist.xml; path = Info.plist; sourceTree = "<group>"; };
		7661C56925C342C400359328 /* Group8Application WatchKit App.app */ = {isa = PBXFileReference; explicitFileType = wrapper.application; includeInIndex = 0; path = "Group8Application WatchKit App.app"; sourceTree = BUILT_PRODUCTS_DIR; };
		7661C56E25C342C500359328 /* Assets.xcassets */ = {isa = PBXFileReference; lastKnownFileType = folder.assetcatalog; path = Assets.xcassets; sourceTree = "<group>"; };
		7661C57025C342C500359328 /* Info.plist */ = {isa = PBXFileReference; lastKnownFileType = text.plist.xml; path = Info.plist; sourceTree = "<group>"; };
		7661C57525C342C500359328 /* Group8Application WatchKit Extension.appex */ = {isa = PBXFileReference; explicitFileType = "wrapper.app-extension"; includeInIndex = 0; path = "Group8Application WatchKit Extension.appex"; sourceTree = BUILT_PRODUCTS_DIR; };
		7661C57A25C342C500359328 /* testApp.swift */ = {isa = PBXFileReference; lastKnownFileType = sourcecode.swift; path = testApp.swift; sourceTree = "<group>"; };
		7661C57C25C342C500359328 /* ContentView.swift */ = {isa = PBXFileReference; lastKnownFileType = sourcecode.swift; path = ContentView.swift; sourceTree = "<group>"; };
		7661C57E25C342C500359328 /* NotificationController.swift */ = {isa = PBXFileReference; lastKnownFileType = sourcecode.swift; path = NotificationController.swift; sourceTree = "<group>"; };
		7661C58025C342C500359328 /* NotificationView.swift */ = {isa = PBXFileReference; lastKnownFileType = sourcecode.swift; path = NotificationView.swift; sourceTree = "<group>"; };
		7661C58225C342C500359328 /* ComplicationController.swift */ = {isa = PBXFileReference; lastKnownFileType = sourcecode.swift; path = ComplicationController.swift; sourceTree = "<group>"; };
		7661C58425C342C500359328 /* Assets.xcassets */ = {isa = PBXFileReference; lastKnownFileType = folder.assetcatalog; path = Assets.xcassets; sourceTree = "<group>"; };
		7661C58725C342C500359328 /* Preview Assets.xcassets */ = {isa = PBXFileReference; lastKnownFileType = folder.assetcatalog; path = "Preview Assets.xcassets"; sourceTree = "<group>"; };
		7661C58925C342C500359328 /* Info.plist */ = {isa = PBXFileReference; lastKnownFileType = text.plist.xml; path = Info.plist; sourceTree = "<group>"; };
		7661C58A25C342C500359328 /* PushNotificationPayload.apns */ = {isa = PBXFileReference; lastKnownFileType = text; path = PushNotificationPayload.apns; sourceTree = "<group>"; };
		7661C5A325C3435100359328 /* test.entitlements */ = {isa = PBXFileReference; lastKnownFileType = text.plist.entitlements; path = test.entitlements; sourceTree = "<group>"; };
		7661C5A525C3436A00359328 /* HealthKit.framework */ = {isa = PBXFileReference; lastKnownFileType = wrapper.framework; name = HealthKit.framework; path = Platforms/iPhoneOS.platform/Developer/SDKs/iPhoneOS14.4.sdk/System/Library/Frameworks/HealthKit.framework; sourceTree = DEVELOPER_DIR; };
		7661C5AC25C3441600359328 /* HomeKit.framework */ = {isa = PBXFileReference; lastKnownFileType = wrapper.framework; name = HomeKit.framework; path = Platforms/iPhoneOS.platform/Developer/SDKs/iPhoneOS14.4.sdk/System/Library/Frameworks/HomeKit.framework; sourceTree = DEVELOPER_DIR; };
		7661C5AE25C3442200359328 /* NetworkExtension.framework */ = {isa = PBXFileReference; lastKnownFileType = wrapper.framework; name = NetworkExtension.framework; path = Platforms/iPhoneOS.platform/Developer/SDKs/iPhoneOS14.4.sdk/System/Library/Frameworks/NetworkExtension.framework; sourceTree = DEVELOPER_DIR; };
		7661C5B525C34A3800359328 /* HealthStore.swift */ = {isa = PBXFileReference; lastKnownFileType = sourcecode.swift; path = HealthStore.swift; sourceTree = "<group>"; };
		81CCDFAF81AE9D1D1E4F536A /* Pods-Group8Application.release.xcconfig */ = {isa = PBXFileReference; includeInIndex = 1; lastKnownFileType = text.xcconfig; name = "Pods-Group8Application.release.xcconfig"; path = "Target Support Files/Pods-Group8Application/Pods-Group8Application.release.xcconfig"; sourceTree = "<group>"; };
		9420480925E3E20800A525BB /* HealthView.swift */ = {isa = PBXFileReference; lastKnownFileType = sourcecode.swift; path = HealthView.swift; sourceTree = "<group>"; };
		9420480E25E3E7F300A525BB /* FibaroView.swift */ = {isa = PBXFileReference; lastKnownFileType = sourcecode.swift; path = FibaroView.swift; sourceTree = "<group>"; };
		9420481B25E3E8BF00A525BB /* ZWaveView.swift */ = {isa = PBXFileReference; lastKnownFileType = sourcecode.swift; path = ZWaveView.swift; sourceTree = "<group>"; };
		9420482025E3F92E00A525BB /* HealthStoreWatch.swift */ = {isa = PBXFileReference; lastKnownFileType = sourcecode.swift; path = HealthStoreWatch.swift; sourceTree = "<group>"; };
		9420483125E40B2600A525BB /* HealthKit.framework */ = {isa = PBXFileReference; lastKnownFileType = wrapper.framework; name = HealthKit.framework; path = Platforms/WatchOS.platform/Developer/SDKs/WatchOS7.2.sdk/System/Library/Frameworks/HealthKit.framework; sourceTree = DEVELOPER_DIR; };
		9420483325E40B7400A525BB /* Group8Application WatchKit Extension.entitlements */ = {isa = PBXFileReference; lastKnownFileType = text.plist.entitlements; path = "Group8Application WatchKit Extension.entitlements"; sourceTree = "<group>"; };
		944A9E6725CD8E1C00B2C554 /* HomeKit.swift */ = {isa = PBXFileReference; lastKnownFileType = sourcecode.swift; path = HomeKit.swift; sourceTree = "<group>"; };
		948BD02525D6B78800248E02 /* Step.swift */ = {isa = PBXFileReference; lastKnownFileType = sourcecode.swift; path = Step.swift; sourceTree = "<group>"; };
		948BD03125D6BECB00248E02 /* HeartRate.swift */ = {isa = PBXFileReference; lastKnownFileType = sourcecode.swift; path = HeartRate.swift; sourceTree = "<group>"; };
		948BD03825D6D78900248E02 /* HeartRateView.swift */ = {isa = PBXFileReference; lastKnownFileType = sourcecode.swift; path = HeartRateView.swift; sourceTree = "<group>"; };
		AEE760D1AE854B1E980F009C /* Pods_Group8Application_WatchKit_App.framework */ = {isa = PBXFileReference; explicitFileType = wrapper.framework; includeInIndex = 0; path = Pods_Group8Application_WatchKit_App.framework; sourceTree = BUILT_PRODUCTS_DIR; };
		CE54DA1625DFEFE800BEE54A /* MQTTClient.swift */ = {isa = PBXFileReference; lastKnownFileType = sourcecode.swift; path = MQTTClient.swift; sourceTree = "<group>"; };
		D48C18590EA712546AB8A296 /* Pods-Group8Application WatchKit App.debug.xcconfig */ = {isa = PBXFileReference; includeInIndex = 1; lastKnownFileType = text.xcconfig; name = "Pods-Group8Application WatchKit App.debug.xcconfig"; path = "Target Support Files/Pods-Group8Application WatchKit App/Pods-Group8Application WatchKit App.debug.xcconfig"; sourceTree = "<group>"; };
		E53AE03911DDB80EE7BEAE2F /* Pods_Group8Application.framework */ = {isa = PBXFileReference; explicitFileType = wrapper.framework; includeInIndex = 0; path = Pods_Group8Application.framework; sourceTree = BUILT_PRODUCTS_DIR; };
/* End PBXFileReference section */

/* Begin PBXFrameworksBuildPhase section */
		7661C54125C342C100359328 /* Frameworks */ = {
			isa = PBXFrameworksBuildPhase;
			buildActionMask = 2147483647;
			files = (
				7661C5AD25C3441600359328 /* HomeKit.framework in Frameworks */,
				7661C5AF25C3442200359328 /* NetworkExtension.framework in Frameworks */,
				7661C5A625C3436A00359328 /* HealthKit.framework in Frameworks */,
				90E943CA2BA3BCFC0E28B5C6 /* Pods_Group8Application.framework in Frameworks */,
			);
			runOnlyForDeploymentPostprocessing = 0;
		};
		7661C57225C342C500359328 /* Frameworks */ = {
			isa = PBXFrameworksBuildPhase;
			buildActionMask = 2147483647;
			files = (
				4010A0E9A3AFE0548FF76787 /* Pods_Group8Application_WatchKit_Extension.framework in Frameworks */,
				9420483425E40B7400A525BB /* HealthKit.framework in Frameworks */,
			);
			runOnlyForDeploymentPostprocessing = 0;
		};
		C16F23AABEA0FBD531AAD25A /* Frameworks */ = {
			isa = PBXFrameworksBuildPhase;
			buildActionMask = 2147483647;
			files = (
				A36607CBA5C1A6E27DEBCDCE /* Pods_Group8Application_WatchKit_App.framework in Frameworks */,
				9420483225E40B2600A525BB /* HealthKit.framework in Frameworks */,
			);
			runOnlyForDeploymentPostprocessing = 0;
		};
/* End PBXFrameworksBuildPhase section */

/* Begin PBXGroup section */
		7661C53B25C342C000359328 = {
			isa = PBXGroup;
			children = (
				7661C54625C342C100359328 /* Group8Application */,
				7661C56D25C342C400359328 /* Group8Application WatchKit App */,
				7661C57925C342C500359328 /* Group8Application WatchKit Extension */,
				7661C54525C342C100359328 /* Products */,
				7661C5A425C3436A00359328 /* Frameworks */,
				FF7ED20611D1E75C811C7B5D /* Pods */,
			);
			sourceTree = "<group>";
		};
		7661C54525C342C100359328 /* Products */ = {
			isa = PBXGroup;
			children = (
				7661C54425C342C100359328 /* Group8Application.app */,
				7661C56925C342C400359328 /* Group8Application WatchKit App.app */,
				7661C57525C342C500359328 /* Group8Application WatchKit Extension.appex */,
			);
			name = Products;
			sourceTree = "<group>";
		};
		7661C54625C342C100359328 /* Group8Application */ = {
			isa = PBXGroup;
			children = (
				9420482525E3F98B00A525BB /* Views */,
				7661C54B25C342C400359328 /* Assets.xcassets */,
				7661C54D25C342C400359328 /* Preview Content */,
				948BD02425D6B77000248E02 /* Models */,
				7661C5A325C3435100359328 /* test.entitlements */,
				7661C54725C342C100359328 /* testApp.swift */,
				7661C5B525C34A3800359328 /* HealthStore.swift */,
				7661C55025C342C400359328 /* Info.plist */,
				944A9E6725CD8E1C00B2C554 /* HomeKit.swift */,
				CE54DA1625DFEFE800BEE54A /* MQTTClient.swift */,
			);
			path = Group8Application;
			sourceTree = "<group>";
		};
		7661C54D25C342C400359328 /* Preview Content */ = {
			isa = PBXGroup;
			children = (
				7661C54E25C342C400359328 /* Preview Assets.xcassets */,
			);
			path = "Preview Content";
			sourceTree = "<group>";
		};
		7661C56D25C342C400359328 /* Group8Application WatchKit App */ = {
			isa = PBXGroup;
			children = (
				7661C56E25C342C500359328 /* Assets.xcassets */,
				7661C57025C342C500359328 /* Info.plist */,
			);
			path = "Group8Application WatchKit App";
			sourceTree = "<group>";
		};
		7661C57925C342C500359328 /* Group8Application WatchKit Extension */ = {
			isa = PBXGroup;
			children = (
				9420483325E40B7400A525BB /* Group8Application WatchKit Extension.entitlements */,
				9420482025E3F92E00A525BB /* HealthStoreWatch.swift */,
				9420482625E3F9AD00A525BB /* Views */,
				7661C57A25C342C500359328 /* testApp.swift */,
				7661C57E25C342C500359328 /* NotificationController.swift */,
				7661C58025C342C500359328 /* NotificationView.swift */,
				7661C58225C342C500359328 /* ComplicationController.swift */,
				7661C58425C342C500359328 /* Assets.xcassets */,
				7661C58925C342C500359328 /* Info.plist */,
				7661C58A25C342C500359328 /* PushNotificationPayload.apns */,
				7661C58625C342C500359328 /* Preview Content */,
			);
			path = "Group8Application WatchKit Extension";
			sourceTree = "<group>";
		};
		7661C58625C342C500359328 /* Preview Content */ = {
			isa = PBXGroup;
			children = (
				7661C58725C342C500359328 /* Preview Assets.xcassets */,
			);
			path = "Preview Content";
			sourceTree = "<group>";
		};
		7661C5A425C3436A00359328 /* Frameworks */ = {
			isa = PBXGroup;
			children = (
				9420483125E40B2600A525BB /* HealthKit.framework */,
				7661C5AE25C3442200359328 /* NetworkExtension.framework */,
				7661C5AC25C3441600359328 /* HomeKit.framework */,
				7661C5A525C3436A00359328 /* HealthKit.framework */,
				E53AE03911DDB80EE7BEAE2F /* Pods_Group8Application.framework */,
				AEE760D1AE854B1E980F009C /* Pods_Group8Application_WatchKit_App.framework */,
				1559B5FEA48FB45D29227E5F /* Pods_Group8Application_WatchKit_Extension.framework */,
			);
			name = Frameworks;
			sourceTree = "<group>";
		};
		9420482525E3F98B00A525BB /* Views */ = {
			isa = PBXGroup;
			children = (
				7661C54925C342C100359328 /* ContentView.swift */,
				948BD03825D6D78900248E02 /* HeartRateView.swift */,
			);
			path = Views;
			sourceTree = "<group>";
		};
		9420482625E3F9AD00A525BB /* Views */ = {
			isa = PBXGroup;
			children = (
				9420480925E3E20800A525BB /* HealthView.swift */,
				9420481B25E3E8BF00A525BB /* ZWaveView.swift */,
				9420480E25E3E7F300A525BB /* FibaroView.swift */,
				7661C57C25C342C500359328 /* ContentView.swift */,
			);
			path = Views;
			sourceTree = "<group>";
		};
		948BD02425D6B77000248E02 /* Models */ = {
			isa = PBXGroup;
			children = (
				948BD02525D6B78800248E02 /* Step.swift */,
				948BD03125D6BECB00248E02 /* HeartRate.swift */,
			);
			path = Models;
			sourceTree = "<group>";
		};
		FF7ED20611D1E75C811C7B5D /* Pods */ = {
			isa = PBXGroup;
			children = (
				6E8B6BB1A7BB0E58CF1D1580 /* Pods-Group8Application.debug.xcconfig */,
				81CCDFAF81AE9D1D1E4F536A /* Pods-Group8Application.release.xcconfig */,
				D48C18590EA712546AB8A296 /* Pods-Group8Application WatchKit App.debug.xcconfig */,
				260294EE8C329EC085A46CB7 /* Pods-Group8Application WatchKit App.release.xcconfig */,
				5EC132B50393D8A429DF0933 /* Pods-Group8Application WatchKit Extension.debug.xcconfig */,
				63BC1DF2A57525E2160D999C /* Pods-Group8Application WatchKit Extension.release.xcconfig */,
			);
			path = Pods;
			sourceTree = "<group>";
		};
/* End PBXGroup section */

/* Begin PBXNativeTarget section */
		7661C54325C342C100359328 /* Group8Application */ = {
			isa = PBXNativeTarget;
			buildConfigurationList = 7661C59525C342C500359328 /* Build configuration list for PBXNativeTarget "Group8Application" */;
			buildPhases = (
				09D41CB3413D4AEA633DE2FE /* [CP] Check Pods Manifest.lock */,
				7661C54025C342C100359328 /* Sources */,
				7661C54125C342C100359328 /* Frameworks */,
				7661C54225C342C100359328 /* Resources */,
				7661C59425C342C500359328 /* Embed Watch Content */,
				EDE583B37ED1E5EE3D748DAE /* [CP] Embed Pods Frameworks */,
			);
			buildRules = (
			);
			dependencies = (
				7661C56C25C342C400359328 /* PBXTargetDependency */,
			);
			name = Group8Application;
			productName = test;
			productReference = 7661C54425C342C100359328 /* Group8Application.app */;
			productType = "com.apple.product-type.application";
		};
		7661C56825C342C400359328 /* Group8Application WatchKit App */ = {
			isa = PBXNativeTarget;
			buildConfigurationList = 7661C59125C342C500359328 /* Build configuration list for PBXNativeTarget "Group8Application WatchKit App" */;
			buildPhases = (
				120272B717F5492F4FCB99A7 /* [CP] Check Pods Manifest.lock */,
				7661C56725C342C400359328 /* Resources */,
				7661C59025C342C500359328 /* Embed App Extensions */,
				C16F23AABEA0FBD531AAD25A /* Frameworks */,
			);
			buildRules = (
			);
			dependencies = (
				7661C57825C342C500359328 /* PBXTargetDependency */,
			);
			name = "Group8Application WatchKit App";
			productName = "test WatchKit App";
			productReference = 7661C56925C342C400359328 /* Group8Application WatchKit App.app */;
			productType = "com.apple.product-type.application.watchapp2";
		};
		7661C57425C342C500359328 /* Group8Application WatchKit Extension */ = {
			isa = PBXNativeTarget;
			buildConfigurationList = 7661C58D25C342C500359328 /* Build configuration list for PBXNativeTarget "Group8Application WatchKit Extension" */;
			buildPhases = (
				348E152A4CB91DA00A5EF623 /* [CP] Check Pods Manifest.lock */,
				7661C57125C342C500359328 /* Sources */,
				7661C57225C342C500359328 /* Frameworks */,
				7661C57325C342C500359328 /* Resources */,
			);
			buildRules = (
			);
			dependencies = (
			);
			name = "Group8Application WatchKit Extension";
			productName = "test WatchKit Extension";
			productReference = 7661C57525C342C500359328 /* Group8Application WatchKit Extension.appex */;
			productType = "com.apple.product-type.watchkit2-extension";
		};
/* End PBXNativeTarget section */

/* Begin PBXProject section */
		7661C53C25C342C000359328 /* Project object */ = {
			isa = PBXProject;
			attributes = {
				LastSwiftUpdateCheck = 1240;
				LastUpgradeCheck = 1240;
				TargetAttributes = {
					7661C54325C342C100359328 = {
						CreatedOnToolsVersion = 12.4;
					};
					7661C56825C342C400359328 = {
						CreatedOnToolsVersion = 12.4;
					};
					7661C57425C342C500359328 = {
						CreatedOnToolsVersion = 12.4;
					};
				};
			};
			buildConfigurationList = 7661C53F25C342C000359328 /* Build configuration list for PBXProject "Group8Application" */;
			compatibilityVersion = "Xcode 9.3";
			developmentRegion = en;
			hasScannedForEncodings = 0;
			knownRegions = (
				en,
				Base,
			);
			mainGroup = 7661C53B25C342C000359328;
			productRefGroup = 7661C54525C342C100359328 /* Products */;
			projectDirPath = "";
			projectRoot = "";
			targets = (
				7661C54325C342C100359328 /* Group8Application */,
				7661C56825C342C400359328 /* Group8Application WatchKit App */,
				7661C57425C342C500359328 /* Group8Application WatchKit Extension */,
			);
		};
/* End PBXProject section */

/* Begin PBXResourcesBuildPhase section */
		7661C54225C342C100359328 /* Resources */ = {
			isa = PBXResourcesBuildPhase;
			buildActionMask = 2147483647;
			files = (
				7661C54F25C342C400359328 /* Preview Assets.xcassets in Resources */,
				7661C54C25C342C400359328 /* Assets.xcassets in Resources */,
			);
			runOnlyForDeploymentPostprocessing = 0;
		};
		7661C56725C342C400359328 /* Resources */ = {
			isa = PBXResourcesBuildPhase;
			buildActionMask = 2147483647;
			files = (
				7661C56F25C342C500359328 /* Assets.xcassets in Resources */,
			);
			runOnlyForDeploymentPostprocessing = 0;
		};
		7661C57325C342C500359328 /* Resources */ = {
			isa = PBXResourcesBuildPhase;
			buildActionMask = 2147483647;
			files = (
				7661C58825C342C500359328 /* Preview Assets.xcassets in Resources */,
				7661C58525C342C500359328 /* Assets.xcassets in Resources */,
			);
			runOnlyForDeploymentPostprocessing = 0;
		};
/* End PBXResourcesBuildPhase section */

/* Begin PBXShellScriptBuildPhase section */
		09D41CB3413D4AEA633DE2FE /* [CP] Check Pods Manifest.lock */ = {
			isa = PBXShellScriptBuildPhase;
			buildActionMask = 2147483647;
			files = (
			);
			inputFileListPaths = (
			);
			inputPaths = (
				"${PODS_PODFILE_DIR_PATH}/Podfile.lock",
				"${PODS_ROOT}/Manifest.lock",
			);
			name = "[CP] Check Pods Manifest.lock";
			outputFileListPaths = (
			);
			outputPaths = (
				"$(DERIVED_FILE_DIR)/Pods-Group8Application-checkManifestLockResult.txt",
			);
			runOnlyForDeploymentPostprocessing = 0;
			shellPath = /bin/sh;
			shellScript = "diff \"${PODS_PODFILE_DIR_PATH}/Podfile.lock\" \"${PODS_ROOT}/Manifest.lock\" > /dev/null\nif [ $? != 0 ] ; then\n    # print error to STDERR\n    echo \"error: The sandbox is not in sync with the Podfile.lock. Run 'pod install' or update your CocoaPods installation.\" >&2\n    exit 1\nfi\n# This output is used by Xcode 'outputs' to avoid re-running this script phase.\necho \"SUCCESS\" > \"${SCRIPT_OUTPUT_FILE_0}\"\n";
			showEnvVarsInLog = 0;
		};
		120272B717F5492F4FCB99A7 /* [CP] Check Pods Manifest.lock */ = {
			isa = PBXShellScriptBuildPhase;
			buildActionMask = 2147483647;
			files = (
			);
			inputFileListPaths = (
			);
			inputPaths = (
				"${PODS_PODFILE_DIR_PATH}/Podfile.lock",
				"${PODS_ROOT}/Manifest.lock",
			);
			name = "[CP] Check Pods Manifest.lock";
			outputFileListPaths = (
			);
			outputPaths = (
				"$(DERIVED_FILE_DIR)/Pods-Group8Application WatchKit App-checkManifestLockResult.txt",
			);
			runOnlyForDeploymentPostprocessing = 0;
			shellPath = /bin/sh;
			shellScript = "diff \"${PODS_PODFILE_DIR_PATH}/Podfile.lock\" \"${PODS_ROOT}/Manifest.lock\" > /dev/null\nif [ $? != 0 ] ; then\n    # print error to STDERR\n    echo \"error: The sandbox is not in sync with the Podfile.lock. Run 'pod install' or update your CocoaPods installation.\" >&2\n    exit 1\nfi\n# This output is used by Xcode 'outputs' to avoid re-running this script phase.\necho \"SUCCESS\" > \"${SCRIPT_OUTPUT_FILE_0}\"\n";
			showEnvVarsInLog = 0;
		};
		348E152A4CB91DA00A5EF623 /* [CP] Check Pods Manifest.lock */ = {
			isa = PBXShellScriptBuildPhase;
			buildActionMask = 2147483647;
			files = (
			);
			inputFileListPaths = (
			);
			inputPaths = (
				"${PODS_PODFILE_DIR_PATH}/Podfile.lock",
				"${PODS_ROOT}/Manifest.lock",
			);
			name = "[CP] Check Pods Manifest.lock";
			outputFileListPaths = (
			);
			outputPaths = (
				"$(DERIVED_FILE_DIR)/Pods-Group8Application WatchKit Extension-checkManifestLockResult.txt",
			);
			runOnlyForDeploymentPostprocessing = 0;
			shellPath = /bin/sh;
			shellScript = "diff \"${PODS_PODFILE_DIR_PATH}/Podfile.lock\" \"${PODS_ROOT}/Manifest.lock\" > /dev/null\nif [ $? != 0 ] ; then\n    # print error to STDERR\n    echo \"error: The sandbox is not in sync with the Podfile.lock. Run 'pod install' or update your CocoaPods installation.\" >&2\n    exit 1\nfi\n# This output is used by Xcode 'outputs' to avoid re-running this script phase.\necho \"SUCCESS\" > \"${SCRIPT_OUTPUT_FILE_0}\"\n";
			showEnvVarsInLog = 0;
		};
		EDE583B37ED1E5EE3D748DAE /* [CP] Embed Pods Frameworks */ = {
			isa = PBXShellScriptBuildPhase;
			buildActionMask = 2147483647;
			files = (
			);
			inputFileListPaths = (
				"${PODS_ROOT}/Target Support Files/Pods-Group8Application/Pods-Group8Application-frameworks-${CONFIGURATION}-input-files.xcfilelist",
			);
			name = "[CP] Embed Pods Frameworks";
			outputFileListPaths = (
				"${PODS_ROOT}/Target Support Files/Pods-Group8Application/Pods-Group8Application-frameworks-${CONFIGURATION}-output-files.xcfilelist",
			);
			runOnlyForDeploymentPostprocessing = 0;
			shellPath = /bin/sh;
			shellScript = "\"${PODS_ROOT}/Target Support Files/Pods-Group8Application/Pods-Group8Application-frameworks.sh\"\n";
			showEnvVarsInLog = 0;
		};
/* End PBXShellScriptBuildPhase section */

/* Begin PBXSourcesBuildPhase section */
		7661C54025C342C100359328 /* Sources */ = {
			isa = PBXSourcesBuildPhase;
			buildActionMask = 2147483647;
			files = (
				7661C54A25C342C100359328 /* ContentView.swift in Sources */,
				944A9E6825CD8E1C00B2C554 /* HomeKit.swift in Sources */,
				948BD03925D6D78900248E02 /* HeartRateView.swift in Sources */,
				948BD02625D6B78800248E02 /* Step.swift in Sources */,
				7661C5B625C34A3800359328 /* HealthStore.swift in Sources */,
				CE54DA1725DFEFE800BEE54A /* MQTTClient.swift in Sources */,
				948BD03225D6BECB00248E02 /* HeartRate.swift in Sources */,
				7661C54825C342C100359328 /* testApp.swift in Sources */,
			);
			runOnlyForDeploymentPostprocessing = 0;
		};
		7661C57125C342C500359328 /* Sources */ = {
			isa = PBXSourcesBuildPhase;
			buildActionMask = 2147483647;
			files = (
				9420480A25E3E20800A525BB /* HealthView.swift in Sources */,
				7661C57F25C342C500359328 /* NotificationController.swift in Sources */,
				9420481C25E3E8BF00A525BB /* ZWaveView.swift in Sources */,
				9420480F25E3E7F300A525BB /* FibaroView.swift in Sources */,
				9420482125E3F92E00A525BB /* HealthStoreWatch.swift in Sources */,
				7661C57D25C342C500359328 /* ContentView.swift in Sources */,
				7661C58325C342C500359328 /* ComplicationController.swift in Sources */,
				7661C57B25C342C500359328 /* testApp.swift in Sources */,
				7661C58125C342C500359328 /* NotificationView.swift in Sources */,
			);
			runOnlyForDeploymentPostprocessing = 0;
		};
/* End PBXSourcesBuildPhase section */

/* Begin PBXTargetDependency section */
		7661C56C25C342C400359328 /* PBXTargetDependency */ = {
			isa = PBXTargetDependency;
			target = 7661C56825C342C400359328 /* Group8Application WatchKit App */;
			targetProxy = 7661C56B25C342C400359328 /* PBXContainerItemProxy */;
		};
		7661C57825C342C500359328 /* PBXTargetDependency */ = {
			isa = PBXTargetDependency;
			target = 7661C57425C342C500359328 /* Group8Application WatchKit Extension */;
			targetProxy = 7661C57725C342C500359328 /* PBXContainerItemProxy */;
		};
/* End PBXTargetDependency section */

/* Begin XCBuildConfiguration section */
		7661C58B25C342C500359328 /* Debug */ = {
			isa = XCBuildConfiguration;
			buildSettings = {
				ALWAYS_SEARCH_USER_PATHS = NO;
				CLANG_ANALYZER_NONNULL = YES;
				CLANG_ANALYZER_NUMBER_OBJECT_CONVERSION = YES_AGGRESSIVE;
				CLANG_CXX_LANGUAGE_STANDARD = "gnu++14";
				CLANG_CXX_LIBRARY = "libc++";
				CLANG_ENABLE_MODULES = YES;
				CLANG_ENABLE_OBJC_ARC = YES;
				CLANG_ENABLE_OBJC_WEAK = YES;
				CLANG_WARN_BLOCK_CAPTURE_AUTORELEASING = YES;
				CLANG_WARN_BOOL_CONVERSION = YES;
				CLANG_WARN_COMMA = YES;
				CLANG_WARN_CONSTANT_CONVERSION = YES;
				CLANG_WARN_DEPRECATED_OBJC_IMPLEMENTATIONS = YES;
				CLANG_WARN_DIRECT_OBJC_ISA_USAGE = YES_ERROR;
				CLANG_WARN_DOCUMENTATION_COMMENTS = YES;
				CLANG_WARN_EMPTY_BODY = YES;
				CLANG_WARN_ENUM_CONVERSION = YES;
				CLANG_WARN_INFINITE_RECURSION = YES;
				CLANG_WARN_INT_CONVERSION = YES;
				CLANG_WARN_NON_LITERAL_NULL_CONVERSION = YES;
				CLANG_WARN_OBJC_IMPLICIT_RETAIN_SELF = YES;
				CLANG_WARN_OBJC_LITERAL_CONVERSION = YES;
				CLANG_WARN_OBJC_ROOT_CLASS = YES_ERROR;
				CLANG_WARN_QUOTED_INCLUDE_IN_FRAMEWORK_HEADER = YES;
				CLANG_WARN_RANGE_LOOP_ANALYSIS = YES;
				CLANG_WARN_STRICT_PROTOTYPES = YES;
				CLANG_WARN_SUSPICIOUS_MOVE = YES;
				CLANG_WARN_UNGUARDED_AVAILABILITY = YES_AGGRESSIVE;
				CLANG_WARN_UNREACHABLE_CODE = YES;
				CLANG_WARN__DUPLICATE_METHOD_MATCH = YES;
				COPY_PHASE_STRIP = NO;
				DEBUG_INFORMATION_FORMAT = dwarf;
				ENABLE_STRICT_OBJC_MSGSEND = YES;
				ENABLE_TESTABILITY = YES;
				GCC_C_LANGUAGE_STANDARD = gnu11;
				GCC_DYNAMIC_NO_PIC = NO;
				GCC_NO_COMMON_BLOCKS = YES;
				GCC_OPTIMIZATION_LEVEL = 0;
				GCC_PREPROCESSOR_DEFINITIONS = (
					"DEBUG=1",
					"$(inherited)",
				);
				GCC_WARN_64_TO_32_BIT_CONVERSION = YES;
				GCC_WARN_ABOUT_RETURN_TYPE = YES_ERROR;
				GCC_WARN_UNDECLARED_SELECTOR = YES;
				GCC_WARN_UNINITIALIZED_AUTOS = YES_AGGRESSIVE;
				GCC_WARN_UNUSED_FUNCTION = YES;
				GCC_WARN_UNUSED_VARIABLE = YES;
				MTL_ENABLE_DEBUG_INFO = INCLUDE_SOURCE;
				MTL_FAST_MATH = YES;
				ONLY_ACTIVE_ARCH = YES;
				SWIFT_ACTIVE_COMPILATION_CONDITIONS = DEBUG;
				SWIFT_OPTIMIZATION_LEVEL = "-Onone";
			};
			name = Debug;
		};
		7661C58C25C342C500359328 /* Release */ = {
			isa = XCBuildConfiguration;
			buildSettings = {
				ALWAYS_SEARCH_USER_PATHS = NO;
				CLANG_ANALYZER_NONNULL = YES;
				CLANG_ANALYZER_NUMBER_OBJECT_CONVERSION = YES_AGGRESSIVE;
				CLANG_CXX_LANGUAGE_STANDARD = "gnu++14";
				CLANG_CXX_LIBRARY = "libc++";
				CLANG_ENABLE_MODULES = YES;
				CLANG_ENABLE_OBJC_ARC = YES;
				CLANG_ENABLE_OBJC_WEAK = YES;
				CLANG_WARN_BLOCK_CAPTURE_AUTORELEASING = YES;
				CLANG_WARN_BOOL_CONVERSION = YES;
				CLANG_WARN_COMMA = YES;
				CLANG_WARN_CONSTANT_CONVERSION = YES;
				CLANG_WARN_DEPRECATED_OBJC_IMPLEMENTATIONS = YES;
				CLANG_WARN_DIRECT_OBJC_ISA_USAGE = YES_ERROR;
				CLANG_WARN_DOCUMENTATION_COMMENTS = YES;
				CLANG_WARN_EMPTY_BODY = YES;
				CLANG_WARN_ENUM_CONVERSION = YES;
				CLANG_WARN_INFINITE_RECURSION = YES;
				CLANG_WARN_INT_CONVERSION = YES;
				CLANG_WARN_NON_LITERAL_NULL_CONVERSION = YES;
				CLANG_WARN_OBJC_IMPLICIT_RETAIN_SELF = YES;
				CLANG_WARN_OBJC_LITERAL_CONVERSION = YES;
				CLANG_WARN_OBJC_ROOT_CLASS = YES_ERROR;
				CLANG_WARN_QUOTED_INCLUDE_IN_FRAMEWORK_HEADER = YES;
				CLANG_WARN_RANGE_LOOP_ANALYSIS = YES;
				CLANG_WARN_STRICT_PROTOTYPES = YES;
				CLANG_WARN_SUSPICIOUS_MOVE = YES;
				CLANG_WARN_UNGUARDED_AVAILABILITY = YES_AGGRESSIVE;
				CLANG_WARN_UNREACHABLE_CODE = YES;
				CLANG_WARN__DUPLICATE_METHOD_MATCH = YES;
				COPY_PHASE_STRIP = NO;
				DEBUG_INFORMATION_FORMAT = "dwarf-with-dsym";
				ENABLE_NS_ASSERTIONS = NO;
				ENABLE_STRICT_OBJC_MSGSEND = YES;
				GCC_C_LANGUAGE_STANDARD = gnu11;
				GCC_NO_COMMON_BLOCKS = YES;
				GCC_WARN_64_TO_32_BIT_CONVERSION = YES;
				GCC_WARN_ABOUT_RETURN_TYPE = YES_ERROR;
				GCC_WARN_UNDECLARED_SELECTOR = YES;
				GCC_WARN_UNINITIALIZED_AUTOS = YES_AGGRESSIVE;
				GCC_WARN_UNUSED_FUNCTION = YES;
				GCC_WARN_UNUSED_VARIABLE = YES;
				MTL_ENABLE_DEBUG_INFO = NO;
				MTL_FAST_MATH = YES;
				SWIFT_COMPILATION_MODE = wholemodule;
				SWIFT_OPTIMIZATION_LEVEL = "-O";
			};
			name = Release;
		};
		7661C58E25C342C500359328 /* Debug */ = {
			isa = XCBuildConfiguration;
			baseConfigurationReference = 5EC132B50393D8A429DF0933 /* Pods-Group8Application WatchKit Extension.debug.xcconfig */;
			buildSettings = {
				ASSETCATALOG_COMPILER_COMPLICATION_NAME = Complication;
				CODE_SIGN_ENTITLEMENTS = "Group8Application WatchKit Extension/Group8Application WatchKit Extension.entitlements";
				CODE_SIGN_STYLE = Automatic;
				DEVELOPMENT_ASSET_PATHS = "\"Group8Application WatchKit Extension/Preview Content\"";
				ENABLE_PREVIEWS = YES;
				INFOPLIST_FILE = "Group8Application WatchKit Extension/Info.plist";
				LD_RUNPATH_SEARCH_PATHS = (
					"$(inherited)",
					"@executable_path/Frameworks",
					"@executable_path/../../Frameworks",
				);
				PRODUCT_BUNDLE_IDENTIFIER = RobinOlofsson.Group8Application.watchkitapp.watchkitextension;
				PRODUCT_NAME = "${TARGET_NAME}";
				SDKROOT = watchos;
				SKIP_INSTALL = YES;
				SWIFT_VERSION = 5.0;
				TARGETED_DEVICE_FAMILY = 4;
				WATCHOS_DEPLOYMENT_TARGET = 7.2;
			};
			name = Debug;
		};
		7661C58F25C342C500359328 /* Release */ = {
			isa = XCBuildConfiguration;
			baseConfigurationReference = 63BC1DF2A57525E2160D999C /* Pods-Group8Application WatchKit Extension.release.xcconfig */;
			buildSettings = {
				ASSETCATALOG_COMPILER_COMPLICATION_NAME = Complication;
				CODE_SIGN_ENTITLEMENTS = "Group8Application WatchKit Extension/Group8Application WatchKit Extension.entitlements";
				CODE_SIGN_STYLE = Automatic;
				DEVELOPMENT_ASSET_PATHS = "\"Group8Application WatchKit Extension/Preview Content\"";
				ENABLE_PREVIEWS = YES;
				INFOPLIST_FILE = "Group8Application WatchKit Extension/Info.plist";
				LD_RUNPATH_SEARCH_PATHS = (
					"$(inherited)",
					"@executable_path/Frameworks",
					"@executable_path/../../Frameworks",
				);
				PRODUCT_BUNDLE_IDENTIFIER = RobinOlofsson.Group8Application.watchkitapp.watchkitextension;
				PRODUCT_NAME = "${TARGET_NAME}";
				SDKROOT = watchos;
				SKIP_INSTALL = YES;
				SWIFT_VERSION = 5.0;
				TARGETED_DEVICE_FAMILY = 4;
				VALIDATE_PRODUCT = YES;
				WATCHOS_DEPLOYMENT_TARGET = 7.2;
			};
			name = Release;
		};
		7661C59225C342C500359328 /* Debug */ = {
			isa = XCBuildConfiguration;
			baseConfigurationReference = D48C18590EA712546AB8A296 /* Pods-Group8Application WatchKit App.debug.xcconfig */;
			buildSettings = {
				ALWAYS_EMBED_SWIFT_STANDARD_LIBRARIES = YES;
				ASSETCATALOG_COMPILER_APPICON_NAME = AppIcon;
				ASSETCATALOG_COMPILER_GLOBAL_ACCENT_COLOR_NAME = AccentColor;
				CODE_SIGN_STYLE = Automatic;
				DEVELOPMENT_TEAM = W3354TPG3R;
				IBSC_MODULE = Group8Application_WatchKit_Extension;
				INFOPLIST_FILE = "Group8Application WatchKit App/Info.plist";
				PRODUCT_BUNDLE_IDENTIFIER = RobinOlofsson.Group8Application.watchkitapp;
				PRODUCT_NAME = "$(TARGET_NAME)";
				SDKROOT = watchos;
				SKIP_INSTALL = YES;
				SWIFT_VERSION = 5.0;
				TARGETED_DEVICE_FAMILY = 4;
				WATCHOS_DEPLOYMENT_TARGET = 7.2;
			};
			name = Debug;
		};
		7661C59325C342C500359328 /* Release */ = {
			isa = XCBuildConfiguration;
			baseConfigurationReference = 260294EE8C329EC085A46CB7 /* Pods-Group8Application WatchKit App.release.xcconfig */;
			buildSettings = {
				ALWAYS_EMBED_SWIFT_STANDARD_LIBRARIES = YES;
				ASSETCATALOG_COMPILER_APPICON_NAME = AppIcon;
				ASSETCATALOG_COMPILER_GLOBAL_ACCENT_COLOR_NAME = AccentColor;
				CODE_SIGN_STYLE = Automatic;
				DEVELOPMENT_TEAM = W3354TPG3R;
				IBSC_MODULE = Group8Application_WatchKit_Extension;
				INFOPLIST_FILE = "Group8Application WatchKit App/Info.plist";
				PRODUCT_BUNDLE_IDENTIFIER = RobinOlofsson.Group8Application.watchkitapp;
				PRODUCT_NAME = "$(TARGET_NAME)";
				SDKROOT = watchos;
				SKIP_INSTALL = YES;
				SWIFT_VERSION = 5.0;
				TARGETED_DEVICE_FAMILY = 4;
				VALIDATE_PRODUCT = YES;
				WATCHOS_DEPLOYMENT_TARGET = 7.2;
			};
			name = Release;
		};
		7661C59625C342C500359328 /* Debug */ = {
			isa = XCBuildConfiguration;
			baseConfigurationReference = 6E8B6BB1A7BB0E58CF1D1580 /* Pods-Group8Application.debug.xcconfig */;
			buildSettings = {
				ASSETCATALOG_COMPILER_APPICON_NAME = AppIcon;
				ASSETCATALOG_COMPILER_GLOBAL_ACCENT_COLOR_NAME = AccentColor;
				CODE_SIGN_ENTITLEMENTS = Group8Application/test.entitlements;
				CODE_SIGN_STYLE = Automatic;
				DEVELOPMENT_ASSET_PATHS = "\"Group8Application/Preview Content\"";
				DEVELOPMENT_TEAM = W3354TPG3R;
				ENABLE_PREVIEWS = YES;
				INFOPLIST_FILE = Group8Application/Info.plist;
				IPHONEOS_DEPLOYMENT_TARGET = 14.4;
				LD_RUNPATH_SEARCH_PATHS = (
					"$(inherited)",
					"@executable_path/Frameworks",
				);
				PRODUCT_BUNDLE_IDENTIFIER = RobinOlofsson.Group8Application;
				PRODUCT_NAME = "$(TARGET_NAME)";
				SDKROOT = iphoneos;
				SWIFT_VERSION = 5.0;
				TARGETED_DEVICE_FAMILY = 1;
			};
			name = Debug;
		};
		7661C59725C342C500359328 /* Release */ = {
			isa = XCBuildConfiguration;
			baseConfigurationReference = 81CCDFAF81AE9D1D1E4F536A /* Pods-Group8Application.release.xcconfig */;
			buildSettings = {
				ASSETCATALOG_COMPILER_APPICON_NAME = AppIcon;
				ASSETCATALOG_COMPILER_GLOBAL_ACCENT_COLOR_NAME = AccentColor;
				CODE_SIGN_ENTITLEMENTS = Group8Application/test.entitlements;
				CODE_SIGN_STYLE = Automatic;
				DEVELOPMENT_ASSET_PATHS = "\"Group8Application/Preview Content\"";
				DEVELOPMENT_TEAM = W3354TPG3R;
				ENABLE_PREVIEWS = YES;
				INFOPLIST_FILE = Group8Application/Info.plist;
				IPHONEOS_DEPLOYMENT_TARGET = 14.4;
				LD_RUNPATH_SEARCH_PATHS = (
					"$(inherited)",
					"@executable_path/Frameworks",
				);
				PRODUCT_BUNDLE_IDENTIFIER = RobinOlofsson.Group8Application;
				PRODUCT_NAME = "$(TARGET_NAME)";
				SDKROOT = iphoneos;
				SWIFT_VERSION = 5.0;
				TARGETED_DEVICE_FAMILY = 1;
				VALIDATE_PRODUCT = YES;
			};
			name = Release;
		};
/* End XCBuildConfiguration section */

/* Begin XCConfigurationList section */
		7661C53F25C342C000359328 /* Build configuration list for PBXProject "Group8Application" */ = {
			isa = XCConfigurationList;
			buildConfigurations = (
				7661C58B25C342C500359328 /* Debug */,
				7661C58C25C342C500359328 /* Release */,
			);
			defaultConfigurationIsVisible = 0;
			defaultConfigurationName = Release;
		};
		7661C58D25C342C500359328 /* Build configuration list for PBXNativeTarget "Group8Application WatchKit Extension" */ = {
			isa = XCConfigurationList;
			buildConfigurations = (
				7661C58E25C342C500359328 /* Debug */,
				7661C58F25C342C500359328 /* Release */,
			);
			defaultConfigurationIsVisible = 0;
			defaultConfigurationName = Release;
		};
		7661C59125C342C500359328 /* Build configuration list for PBXNativeTarget "Group8Application WatchKit App" */ = {
			isa = XCConfigurationList;
			buildConfigurations = (
				7661C59225C342C500359328 /* Debug */,
				7661C59325C342C500359328 /* Release */,
			);
			defaultConfigurationIsVisible = 0;
			defaultConfigurationName = Release;
		};
		7661C59525C342C500359328 /* Build configuration list for PBXNativeTarget "Group8Application" */ = {
			isa = XCConfigurationList;
			buildConfigurations = (
				7661C59625C342C500359328 /* Debug */,
				7661C59725C342C500359328 /* Release */,
			);
			defaultConfigurationIsVisible = 0;
			defaultConfigurationName = Release;
		};
/* End XCConfigurationList section */
	};
	rootObject = 7661C53C25C342C000359328 /* Project object */;
}
