// !$*UTF8*$!
{
	archiveVersion = 1;
	classes = {
	};
	objectVersion = 54;
	objects = {

/* Begin PBXBuildFile section */
		D463B0C925C9432400B28560 /* AppDelegate.swift in Sources */ = {isa = PBXBuildFile; fileRef = D463B0C825C9432400B28560 /* AppDelegate.swift */; };
		D463B0CB25C9432400B28560 /* SceneDelegate.swift in Sources */ = {isa = PBXBuildFile; fileRef = D463B0CA25C9432400B28560 /* SceneDelegate.swift */; };
		D463B0CD25C9432400B28560 /* ViewController.swift in Sources */ = {isa = PBXBuildFile; fileRef = D463B0CC25C9432400B28560 /* ViewController.swift */; };
		D463B0D025C9432400B28560 /* Main.storyboard in Resources */ = {isa = PBXBuildFile; fileRef = D463B0CE25C9432400B28560 /* Main.storyboard */; };
		D463B0D225C9432700B28560 /* Assets.xcassets in Resources */ = {isa = PBXBuildFile; fileRef = D463B0D125C9432700B28560 /* Assets.xcassets */; };
		D463B0D525C9432700B28560 /* LaunchScreen.storyboard in Resources */ = {isa = PBXBuildFile; fileRef = D463B0D325C9432700B28560 /* LaunchScreen.storyboard */; };
		D463B0DA25C9432800B28560 /* D0020 WatchKit App.app in Embed Watch Content */ = {isa = PBXBuildFile; fileRef = D463B0D925C9432800B28560 /* D0020 WatchKit App.app */; settings = {ATTRIBUTES = (RemoveHeadersOnCopy, ); }; };
		D463B0E025C9432800B28560 /* Interface.storyboard in Resources */ = {isa = PBXBuildFile; fileRef = D463B0DE25C9432800B28560 /* Interface.storyboard */; };
		D463B0E225C9432900B28560 /* Assets.xcassets in Resources */ = {isa = PBXBuildFile; fileRef = D463B0E125C9432900B28560 /* Assets.xcassets */; };
		D463B0E925C9432900B28560 /* D0020 WatchKit Extension.appex in Embed App Extensions */ = {isa = PBXBuildFile; fileRef = D463B0E825C9432900B28560 /* D0020 WatchKit Extension.appex */; settings = {ATTRIBUTES = (RemoveHeadersOnCopy, ); }; };
		D463B0EE25C9432900B28560 /* InterfaceController.swift in Sources */ = {isa = PBXBuildFile; fileRef = D463B0ED25C9432900B28560 /* InterfaceController.swift */; };
		D463B0F025C9432900B28560 /* ExtensionDelegate.swift in Sources */ = {isa = PBXBuildFile; fileRef = D463B0EF25C9432900B28560 /* ExtensionDelegate.swift */; };
		D463B0F225C9432900B28560 /* ComplicationController.swift in Sources */ = {isa = PBXBuildFile; fileRef = D463B0F125C9432900B28560 /* ComplicationController.swift */; };
		D463B0F425C9432A00B28560 /* Assets.xcassets in Resources */ = {isa = PBXBuildFile; fileRef = D463B0F325C9432A00B28560 /* Assets.xcassets */; };
/* End PBXBuildFile section */

/* Begin PBXContainerItemProxy section */
		D463B0DB25C9432800B28560 /* PBXContainerItemProxy */ = {
			isa = PBXContainerItemProxy;
			containerPortal = D463B0BD25C9432400B28560 /* Project object */;
			proxyType = 1;
			remoteGlobalIDString = D463B0D825C9432800B28560;
			remoteInfo = "D0020 WatchKit App";
		};
		D463B0EA25C9432900B28560 /* PBXContainerItemProxy */ = {
			isa = PBXContainerItemProxy;
			containerPortal = D463B0BD25C9432400B28560 /* Project object */;
			proxyType = 1;
			remoteGlobalIDString = D463B0E725C9432900B28560;
			remoteInfo = "D0020 WatchKit Extension";
		};
/* End PBXContainerItemProxy section */

/* Begin PBXCopyFilesBuildPhase section */
		D463B0FB25C9432A00B28560 /* Embed App Extensions */ = {
			isa = PBXCopyFilesBuildPhase;
			buildActionMask = 2147483647;
			dstPath = "";
			dstSubfolderSpec = 13;
			files = (
				D463B0E925C9432900B28560 /* D0020 WatchKit Extension.appex in Embed App Extensions */,
			);
			name = "Embed App Extensions";
			runOnlyForDeploymentPostprocessing = 0;
		};
		D463B0FF25C9432A00B28560 /* Embed Watch Content */ = {
			isa = PBXCopyFilesBuildPhase;
			buildActionMask = 2147483647;
			dstPath = "$(CONTENTS_FOLDER_PATH)/Watch";
			dstSubfolderSpec = 16;
			files = (
				D463B0DA25C9432800B28560 /* D0020 WatchKit App.app in Embed Watch Content */,
			);
			name = "Embed Watch Content";
			runOnlyForDeploymentPostprocessing = 0;
		};
/* End PBXCopyFilesBuildPhase section */

/* Begin PBXFileReference section */
		D463B0C525C9432400B28560 /* D0020.app */ = {isa = PBXFileReference; explicitFileType = wrapper.application; includeInIndex = 0; path = D0020.app; sourceTree = BUILT_PRODUCTS_DIR; };
		D463B0C825C9432400B28560 /* AppDelegate.swift */ = {isa = PBXFileReference; lastKnownFileType = sourcecode.swift; path = AppDelegate.swift; sourceTree = "<group>"; };
		D463B0CA25C9432400B28560 /* SceneDelegate.swift */ = {isa = PBXFileReference; lastKnownFileType = sourcecode.swift; path = SceneDelegate.swift; sourceTree = "<group>"; };
		D463B0CC25C9432400B28560 /* ViewController.swift */ = {isa = PBXFileReference; lastKnownFileType = sourcecode.swift; path = ViewController.swift; sourceTree = "<group>"; };
		D463B0CF25C9432400B28560 /* Base */ = {isa = PBXFileReference; lastKnownFileType = file.storyboard; name = Base; path = Base.lproj/Main.storyboard; sourceTree = "<group>"; };
		D463B0D125C9432700B28560 /* Assets.xcassets */ = {isa = PBXFileReference; lastKnownFileType = folder.assetcatalog; path = Assets.xcassets; sourceTree = "<group>"; };
		D463B0D425C9432700B28560 /* Base */ = {isa = PBXFileReference; lastKnownFileType = file.storyboard; name = Base; path = Base.lproj/LaunchScreen.storyboard; sourceTree = "<group>"; };
		D463B0D625C9432800B28560 /* Info.plist */ = {isa = PBXFileReference; lastKnownFileType = text.plist.xml; path = Info.plist; sourceTree = "<group>"; };
		D463B0D925C9432800B28560 /* D0020 WatchKit App.app */ = {isa = PBXFileReference; explicitFileType = wrapper.application; includeInIndex = 0; path = "D0020 WatchKit App.app"; sourceTree = BUILT_PRODUCTS_DIR; };
		D463B0DF25C9432800B28560 /* Base */ = {isa = PBXFileReference; lastKnownFileType = file.storyboard; name = Base; path = Base.lproj/Interface.storyboard; sourceTree = "<group>"; };
		D463B0E125C9432900B28560 /* Assets.xcassets */ = {isa = PBXFileReference; lastKnownFileType = folder.assetcatalog; path = Assets.xcassets; sourceTree = "<group>"; };
		D463B0E325C9432900B28560 /* Info.plist */ = {isa = PBXFileReference; lastKnownFileType = text.plist.xml; path = Info.plist; sourceTree = "<group>"; };
		D463B0E825C9432900B28560 /* D0020 WatchKit Extension.appex */ = {isa = PBXFileReference; explicitFileType = "wrapper.app-extension"; includeInIndex = 0; path = "D0020 WatchKit Extension.appex"; sourceTree = BUILT_PRODUCTS_DIR; };
		D463B0ED25C9432900B28560 /* InterfaceController.swift */ = {isa = PBXFileReference; lastKnownFileType = sourcecode.swift; path = InterfaceController.swift; sourceTree = "<group>"; };
		D463B0EF25C9432900B28560 /* ExtensionDelegate.swift */ = {isa = PBXFileReference; lastKnownFileType = sourcecode.swift; path = ExtensionDelegate.swift; sourceTree = "<group>"; };
		D463B0F125C9432900B28560 /* ComplicationController.swift */ = {isa = PBXFileReference; lastKnownFileType = sourcecode.swift; path = ComplicationController.swift; sourceTree = "<group>"; };
		D463B0F325C9432A00B28560 /* Assets.xcassets */ = {isa = PBXFileReference; lastKnownFileType = folder.assetcatalog; path = Assets.xcassets; sourceTree = "<group>"; };
		D463B0F525C9432A00B28560 /* Info.plist */ = {isa = PBXFileReference; lastKnownFileType = text.plist.xml; path = Info.plist; sourceTree = "<group>"; };
/* End PBXFileReference section */

/* Begin PBXFrameworksBuildPhase section */
		D463B0C225C9432400B28560 /* Frameworks */ = {
			isa = PBXFrameworksBuildPhase;
			buildActionMask = 2147483647;
			files = (
			);
			runOnlyForDeploymentPostprocessing = 0;
		};
		D463B0E525C9432900B28560 /* Frameworks */ = {
			isa = PBXFrameworksBuildPhase;
			buildActionMask = 2147483647;
			files = (
			);
			runOnlyForDeploymentPostprocessing = 0;
		};
/* End PBXFrameworksBuildPhase section */

/* Begin PBXGroup section */
		D463B0BC25C9432400B28560 = {
			isa = PBXGroup;
			children = (
				D463B0C725C9432400B28560 /* D0020 */,
				D463B0DD25C9432800B28560 /* D0020 WatchKit App */,
				D463B0EC25C9432900B28560 /* D0020 WatchKit Extension */,
				D463B0C625C9432400B28560 /* Products */,
			);
			sourceTree = "<group>";
		};
		D463B0C625C9432400B28560 /* Products */ = {
			isa = PBXGroup;
			children = (
				D463B0C525C9432400B28560 /* D0020.app */,
				D463B0D925C9432800B28560 /* D0020 WatchKit App.app */,
				D463B0E825C9432900B28560 /* D0020 WatchKit Extension.appex */,
			);
			name = Products;
			sourceTree = "<group>";
		};
		D463B0C725C9432400B28560 /* D0020 */ = {
			isa = PBXGroup;
			children = (
				D463B0C825C9432400B28560 /* AppDelegate.swift */,
				D463B0CA25C9432400B28560 /* SceneDelegate.swift */,
				D463B0CC25C9432400B28560 /* ViewController.swift */,
				D463B0CE25C9432400B28560 /* Main.storyboard */,
				D463B0D125C9432700B28560 /* Assets.xcassets */,
				D463B0D325C9432700B28560 /* LaunchScreen.storyboard */,
				D463B0D625C9432800B28560 /* Info.plist */,
			);
			path = D0020;
			sourceTree = "<group>";
		};
		D463B0DD25C9432800B28560 /* D0020 WatchKit App */ = {
			isa = PBXGroup;
			children = (
				D463B0DE25C9432800B28560 /* Interface.storyboard */,
				D463B0E125C9432900B28560 /* Assets.xcassets */,
				D463B0E325C9432900B28560 /* Info.plist */,
			);
			path = "D0020 WatchKit App";
			sourceTree = "<group>";
		};
		D463B0EC25C9432900B28560 /* D0020 WatchKit Extension */ = {
			isa = PBXGroup;
			children = (
				D463B0ED25C9432900B28560 /* InterfaceController.swift */,
				D463B0EF25C9432900B28560 /* ExtensionDelegate.swift */,
				D463B0F125C9432900B28560 /* ComplicationController.swift */,
				D463B0F325C9432A00B28560 /* Assets.xcassets */,
				D463B0F525C9432A00B28560 /* Info.plist */,
			);
			path = "D0020 WatchKit Extension";
			sourceTree = "<group>";
		};
/* End PBXGroup section */

/* Begin PBXNativeTarget section */
		D463B0C425C9432400B28560 /* D0020 */ = {
			isa = PBXNativeTarget;
			buildConfigurationList = D463B10025C9432A00B28560 /* Build configuration list for PBXNativeTarget "D0020" */;
			buildPhases = (
				D463B0C125C9432400B28560 /* Sources */,
				D463B0C225C9432400B28560 /* Frameworks */,
				D463B0C325C9432400B28560 /* Resources */,
				D463B0FF25C9432A00B28560 /* Embed Watch Content */,
			);
			buildRules = (
			);
			dependencies = (
				D463B0DC25C9432800B28560 /* PBXTargetDependency */,
			);
			name = D0020;
			productName = D0020;
			productReference = D463B0C525C9432400B28560 /* D0020.app */;
			productType = "com.apple.product-type.application";
		};
		D463B0D825C9432800B28560 /* D0020 WatchKit App */ = {
			isa = PBXNativeTarget;
			buildConfigurationList = D463B0FC25C9432A00B28560 /* Build configuration list for PBXNativeTarget "D0020 WatchKit App" */;
			buildPhases = (
				D463B0D725C9432800B28560 /* Resources */,
				D463B0FB25C9432A00B28560 /* Embed App Extensions */,
			);
			buildRules = (
			);
			dependencies = (
				D463B0EB25C9432900B28560 /* PBXTargetDependency */,
			);
			name = "D0020 WatchKit App";
			productName = "D0020 WatchKit App";
			productReference = D463B0D925C9432800B28560 /* D0020 WatchKit App.app */;
			productType = "com.apple.product-type.application.watchapp2";
		};
		D463B0E725C9432900B28560 /* D0020 WatchKit Extension */ = {
			isa = PBXNativeTarget;
			buildConfigurationList = D463B0F825C9432A00B28560 /* Build configuration list for PBXNativeTarget "D0020 WatchKit Extension" */;
			buildPhases = (
				D463B0E425C9432900B28560 /* Sources */,
				D463B0E525C9432900B28560 /* Frameworks */,
				D463B0E625C9432900B28560 /* Resources */,
			);
			buildRules = (
			);
			dependencies = (
			);
			name = "D0020 WatchKit Extension";
			productName = "D0020 WatchKit Extension";
			productReference = D463B0E825C9432900B28560 /* D0020 WatchKit Extension.appex */;
			productType = "com.apple.product-type.watchkit2-extension";
		};
/* End PBXNativeTarget section */

/* Begin PBXProject section */
		D463B0BD25C9432400B28560 /* Project object */ = {
			isa = PBXProject;
			attributes = {
				LastSwiftUpdateCheck = 1230;
				LastUpgradeCheck = 1230;
				TargetAttributes = {
					D463B0C425C9432400B28560 = {
						CreatedOnToolsVersion = 12.3;
					};
					D463B0D825C9432800B28560 = {
						CreatedOnToolsVersion = 12.3;
					};
					D463B0E725C9432900B28560 = {
						CreatedOnToolsVersion = 12.3;
					};
				};
			};
			buildConfigurationList = D463B0C025C9432400B28560 /* Build configuration list for PBXProject "D0020" */;
			compatibilityVersion = "Xcode 12.0";
			developmentRegion = en;
			hasScannedForEncodings = 0;
			knownRegions = (
				en,
				Base,
			);
			mainGroup = D463B0BC25C9432400B28560;
			productRefGroup = D463B0C625C9432400B28560 /* Products */;
			projectDirPath = "";
			projectRoot = "";
			targets = (
				D463B0C425C9432400B28560 /* D0020 */,
				D463B0D825C9432800B28560 /* D0020 WatchKit App */,
				D463B0E725C9432900B28560 /* D0020 WatchKit Extension */,
			);
		};
/* End PBXProject section */

/* Begin PBXResourcesBuildPhase section */
		D463B0C325C9432400B28560 /* Resources */ = {
			isa = PBXResourcesBuildPhase;
			buildActionMask = 2147483647;
			files = (
				D463B0D525C9432700B28560 /* LaunchScreen.storyboard in Resources */,
				D463B0D225C9432700B28560 /* Assets.xcassets in Resources */,
				D463B0D025C9432400B28560 /* Main.storyboard in Resources */,
			);
			runOnlyForDeploymentPostprocessing = 0;
		};
		D463B0D725C9432800B28560 /* Resources */ = {
			isa = PBXResourcesBuildPhase;
			buildActionMask = 2147483647;
			files = (
				D463B0E225C9432900B28560 /* Assets.xcassets in Resources */,
				D463B0E025C9432800B28560 /* Interface.storyboard in Resources */,
			);
			runOnlyForDeploymentPostprocessing = 0;
		};
		D463B0E625C9432900B28560 /* Resources */ = {
			isa = PBXResourcesBuildPhase;
			buildActionMask = 2147483647;
			files = (
				D463B0F425C9432A00B28560 /* Assets.xcassets in Resources */,
			);
			runOnlyForDeploymentPostprocessing = 0;
		};
/* End PBXResourcesBuildPhase section */

/* Begin PBXSourcesBuildPhase section */
		D463B0C125C9432400B28560 /* Sources */ = {
			isa = PBXSourcesBuildPhase;
			buildActionMask = 2147483647;
			files = (
				D463B0CD25C9432400B28560 /* ViewController.swift in Sources */,
				D463B0C925C9432400B28560 /* AppDelegate.swift in Sources */,
				D463B0CB25C9432400B28560 /* SceneDelegate.swift in Sources */,
			);
			runOnlyForDeploymentPostprocessing = 0;
		};
		D463B0E425C9432900B28560 /* Sources */ = {
			isa = PBXSourcesBuildPhase;
			buildActionMask = 2147483647;
			files = (
				D463B0F025C9432900B28560 /* ExtensionDelegate.swift in Sources */,
				D463B0EE25C9432900B28560 /* InterfaceController.swift in Sources */,
				D463B0F225C9432900B28560 /* ComplicationController.swift in Sources */,
			);
			runOnlyForDeploymentPostprocessing = 0;
		};
/* End PBXSourcesBuildPhase section */

/* Begin PBXTargetDependency section */
		D463B0DC25C9432800B28560 /* PBXTargetDependency */ = {
			isa = PBXTargetDependency;
			target = D463B0D825C9432800B28560 /* D0020 WatchKit App */;
			targetProxy = D463B0DB25C9432800B28560 /* PBXContainerItemProxy */;
		};
		D463B0EB25C9432900B28560 /* PBXTargetDependency */ = {
			isa = PBXTargetDependency;
			target = D463B0E725C9432900B28560 /* D0020 WatchKit Extension */;
			targetProxy = D463B0EA25C9432900B28560 /* PBXContainerItemProxy */;
		};
/* End PBXTargetDependency section */

/* Begin PBXVariantGroup section */
		D463B0CE25C9432400B28560 /* Main.storyboard */ = {
			isa = PBXVariantGroup;
			children = (
				D463B0CF25C9432400B28560 /* Base */,
			);
			name = Main.storyboard;
			sourceTree = "<group>";
		};
		D463B0D325C9432700B28560 /* LaunchScreen.storyboard */ = {
			isa = PBXVariantGroup;
			children = (
				D463B0D425C9432700B28560 /* Base */,
			);
			name = LaunchScreen.storyboard;
			sourceTree = "<group>";
		};
		D463B0DE25C9432800B28560 /* Interface.storyboard */ = {
			isa = PBXVariantGroup;
			children = (
				D463B0DF25C9432800B28560 /* Base */,
			);
			name = Interface.storyboard;
			sourceTree = "<group>";
		};
/* End PBXVariantGroup section */

/* Begin XCBuildConfiguration section */
		D463B0F625C9432A00B28560 /* Debug */ = {
			isa = XCBuildConfiguration;
			buildSettings = {
				ALWAYS_SEARCH_USER_PATHS = NO;
				CLANG_ANALYZER_NONNULL = YES;
				CLANG_ANALYZER_NUMBER_OBJECT_CONVERSION = YES_AGGRESSIVE;
				CLANG_CXX_LANGUAGE_STANDARD = "gnu++14";
				CLANG_CXX_LIBRARY = "libc++";
				CLANG_ENABLE_MODULES = YES;
				CLANG_ENABLE_OBJC_ARC = YES;
				CLANG_ENABLE_OBJC_WEAK = YES;
				CLANG_WARN_BLOCK_CAPTURE_AUTORELEASING = YES;
				CLANG_WARN_BOOL_CONVERSION = YES;
				CLANG_WARN_COMMA = YES;
				CLANG_WARN_CONSTANT_CONVERSION = YES;
				CLANG_WARN_DEPRECATED_OBJC_IMPLEMENTATIONS = YES;
				CLANG_WARN_DIRECT_OBJC_ISA_USAGE = YES_ERROR;
				CLANG_WARN_DOCUMENTATION_COMMENTS = YES;
				CLANG_WARN_EMPTY_BODY = YES;
				CLANG_WARN_ENUM_CONVERSION = YES;
				CLANG_WARN_INFINITE_RECURSION = YES;
				CLANG_WARN_INT_CONVERSION = YES;
				CLANG_WARN_NON_LITERAL_NULL_CONVERSION = YES;
				CLANG_WARN_OBJC_IMPLICIT_RETAIN_SELF = YES;
				CLANG_WARN_OBJC_LITERAL_CONVERSION = YES;
				CLANG_WARN_OBJC_ROOT_CLASS = YES_ERROR;
				CLANG_WARN_QUOTED_INCLUDE_IN_FRAMEWORK_HEADER = YES;
				CLANG_WARN_RANGE_LOOP_ANALYSIS = YES;
				CLANG_WARN_STRICT_PROTOTYPES = YES;
				CLANG_WARN_SUSPICIOUS_MOVE = YES;
				CLANG_WARN_UNGUARDED_AVAILABILITY = YES_AGGRESSIVE;
				CLANG_WARN_UNREACHABLE_CODE = YES;
				CLANG_WARN__DUPLICATE_METHOD_MATCH = YES;
				COPY_PHASE_STRIP = NO;
				DEBUG_INFORMATION_FORMAT = dwarf;
				ENABLE_STRICT_OBJC_MSGSEND = YES;
				ENABLE_TESTABILITY = YES;
				GCC_C_LANGUAGE_STANDARD = gnu11;
				GCC_DYNAMIC_NO_PIC = NO;
				GCC_NO_COMMON_BLOCKS = YES;
				GCC_OPTIMIZATION_LEVEL = 0;
				GCC_PREPROCESSOR_DEFINITIONS = (
					"DEBUG=1",
					"$(inherited)",
				);
				GCC_WARN_64_TO_32_BIT_CONVERSION = YES;
				GCC_WARN_ABOUT_RETURN_TYPE = YES_ERROR;
				GCC_WARN_UNDECLARED_SELECTOR = YES;
				GCC_WARN_UNINITIALIZED_AUTOS = YES_AGGRESSIVE;
				GCC_WARN_UNUSED_FUNCTION = YES;
				GCC_WARN_UNUSED_VARIABLE = YES;
				MTL_ENABLE_DEBUG_INFO = INCLUDE_SOURCE;
				MTL_FAST_MATH = YES;
				ONLY_ACTIVE_ARCH = YES;
				SWIFT_ACTIVE_COMPILATION_CONDITIONS = DEBUG;
				SWIFT_OPTIMIZATION_LEVEL = "-Onone";
			};
			name = Debug;
		};
		D463B0F725C9432A00B28560 /* Release */ = {
			isa = XCBuildConfiguration;
			buildSettings = {
				ALWAYS_SEARCH_USER_PATHS = NO;
				CLANG_ANALYZER_NONNULL = YES;
				CLANG_ANALYZER_NUMBER_OBJECT_CONVERSION = YES_AGGRESSIVE;
				CLANG_CXX_LANGUAGE_STANDARD = "gnu++14";
				CLANG_CXX_LIBRARY = "libc++";
				CLANG_ENABLE_MODULES = YES;
				CLANG_ENABLE_OBJC_ARC = YES;
				CLANG_ENABLE_OBJC_WEAK = YES;
				CLANG_WARN_BLOCK_CAPTURE_AUTORELEASING = YES;
				CLANG_WARN_BOOL_CONVERSION = YES;
				CLANG_WARN_COMMA = YES;
				CLANG_WARN_CONSTANT_CONVERSION = YES;
				CLANG_WARN_DEPRECATED_OBJC_IMPLEMENTATIONS = YES;
				CLANG_WARN_DIRECT_OBJC_ISA_USAGE = YES_ERROR;
				CLANG_WARN_DOCUMENTATION_COMMENTS = YES;
				CLANG_WARN_EMPTY_BODY = YES;
				CLANG_WARN_ENUM_CONVERSION = YES;
				CLANG_WARN_INFINITE_RECURSION = YES;
				CLANG_WARN_INT_CONVERSION = YES;
				CLANG_WARN_NON_LITERAL_NULL_CONVERSION = YES;
				CLANG_WARN_OBJC_IMPLICIT_RETAIN_SELF = YES;
				CLANG_WARN_OBJC_LITERAL_CONVERSION = YES;
				CLANG_WARN_OBJC_ROOT_CLASS = YES_ERROR;
				CLANG_WARN_QUOTED_INCLUDE_IN_FRAMEWORK_HEADER = YES;
				CLANG_WARN_RANGE_LOOP_ANALYSIS = YES;
				CLANG_WARN_STRICT_PROTOTYPES = YES;
				CLANG_WARN_SUSPICIOUS_MOVE = YES;
				CLANG_WARN_UNGUARDED_AVAILABILITY = YES_AGGRESSIVE;
				CLANG_WARN_UNREACHABLE_CODE = YES;
				CLANG_WARN__DUPLICATE_METHOD_MATCH = YES;
				COPY_PHASE_STRIP = NO;
				DEBUG_INFORMATION_FORMAT = "dwarf-with-dsym";
				ENABLE_NS_ASSERTIONS = NO;
				ENABLE_STRICT_OBJC_MSGSEND = YES;
				GCC_C_LANGUAGE_STANDARD = gnu11;
				GCC_NO_COMMON_BLOCKS = YES;
				GCC_WARN_64_TO_32_BIT_CONVERSION = YES;
				GCC_WARN_ABOUT_RETURN_TYPE = YES_ERROR;
				GCC_WARN_UNDECLARED_SELECTOR = YES;
				GCC_WARN_UNINITIALIZED_AUTOS = YES_AGGRESSIVE;
				GCC_WARN_UNUSED_FUNCTION = YES;
				GCC_WARN_UNUSED_VARIABLE = YES;
				MTL_ENABLE_DEBUG_INFO = NO;
				MTL_FAST_MATH = YES;
				SWIFT_COMPILATION_MODE = wholemodule;
				SWIFT_OPTIMIZATION_LEVEL = "-O";
			};
			name = Release;
		};
		D463B0F925C9432A00B28560 /* Debug */ = {
			isa = XCBuildConfiguration;
			buildSettings = {
				ASSETCATALOG_COMPILER_COMPLICATION_NAME = Complication;
				CODE_SIGN_STYLE = Automatic;
				DEVELOPMENT_TEAM = BU9R45S56C;
				INFOPLIST_FILE = "D0020 WatchKit Extension/Info.plist";
				LD_RUNPATH_SEARCH_PATHS = (
					"$(inherited)",
					"@executable_path/Frameworks",
					"@executable_path/../../Frameworks",
				);
				PRODUCT_BUNDLE_IDENTIFIER = Datateknik.D0020.watchkitapp.watchkitextension;
				PRODUCT_NAME = "${TARGET_NAME}";
				SDKROOT = watchos;
				SKIP_INSTALL = YES;
				SWIFT_VERSION = 5.0;
				TARGETED_DEVICE_FAMILY = 4;
				WATCHOS_DEPLOYMENT_TARGET = 7.2;
			};
			name = Debug;
		};
		D463B0FA25C9432A00B28560 /* Release */ = {
			isa = XCBuildConfiguration;
			buildSettings = {
				ASSETCATALOG_COMPILER_COMPLICATION_NAME = Complication;
				CODE_SIGN_STYLE = Automatic;
				DEVELOPMENT_TEAM = BU9R45S56C;
				INFOPLIST_FILE = "D0020 WatchKit Extension/Info.plist";
				LD_RUNPATH_SEARCH_PATHS = (
					"$(inherited)",
					"@executable_path/Frameworks",
					"@executable_path/../../Frameworks",
				);
				PRODUCT_BUNDLE_IDENTIFIER = Datateknik.D0020.watchkitapp.watchkitextension;
				PRODUCT_NAME = "${TARGET_NAME}";
				SDKROOT = watchos;
				SKIP_INSTALL = YES;
				SWIFT_VERSION = 5.0;
				TARGETED_DEVICE_FAMILY = 4;
				VALIDATE_PRODUCT = YES;
				WATCHOS_DEPLOYMENT_TARGET = 7.2;
			};
			name = Release;
		};
		D463B0FD25C9432A00B28560 /* Debug */ = {
			isa = XCBuildConfiguration;
			buildSettings = {
				ALWAYS_EMBED_SWIFT_STANDARD_LIBRARIES = YES;
				ASSETCATALOG_COMPILER_APPICON_NAME = AppIcon;
				ASSETCATALOG_COMPILER_GLOBAL_ACCENT_COLOR_NAME = AccentColor;
				CODE_SIGN_STYLE = Automatic;
				DEVELOPMENT_TEAM = BU9R45S56C;
				IBSC_MODULE = D0020_WatchKit_Extension;
				INFOPLIST_FILE = "D0020 WatchKit App/Info.plist";
				PRODUCT_BUNDLE_IDENTIFIER = Datateknik.D0020.watchkitapp;
				PRODUCT_NAME = "$(TARGET_NAME)";
				SDKROOT = watchos;
				SKIP_INSTALL = YES;
				SWIFT_VERSION = 5.0;
				TARGETED_DEVICE_FAMILY = 4;
				WATCHOS_DEPLOYMENT_TARGET = 7.2;
			};
			name = Debug;
		};
		D463B0FE25C9432A00B28560 /* Release */ = {
			isa = XCBuildConfiguration;
			buildSettings = {
				ALWAYS_EMBED_SWIFT_STANDARD_LIBRARIES = YES;
				ASSETCATALOG_COMPILER_APPICON_NAME = AppIcon;
				ASSETCATALOG_COMPILER_GLOBAL_ACCENT_COLOR_NAME = AccentColor;
				CODE_SIGN_STYLE = Automatic;
				DEVELOPMENT_TEAM = BU9R45S56C;
				IBSC_MODULE = D0020_WatchKit_Extension;
				INFOPLIST_FILE = "D0020 WatchKit App/Info.plist";
				PRODUCT_BUNDLE_IDENTIFIER = Datateknik.D0020.watchkitapp;
				PRODUCT_NAME = "$(TARGET_NAME)";
				SDKROOT = watchos;
				SKIP_INSTALL = YES;
				SWIFT_VERSION = 5.0;
				TARGETED_DEVICE_FAMILY = 4;
				VALIDATE_PRODUCT = YES;
				WATCHOS_DEPLOYMENT_TARGET = 7.2;
			};
			name = Release;
		};
		D463B10125C9432A00B28560 /* Debug */ = {
			isa = XCBuildConfiguration;
			buildSettings = {
				ASSETCATALOG_COMPILER_APPICON_NAME = AppIcon;
				ASSETCATALOG_COMPILER_GLOBAL_ACCENT_COLOR_NAME = AccentColor;
				CODE_SIGN_STYLE = Automatic;
				DEVELOPMENT_TEAM = BU9R45S56C;
				INFOPLIST_FILE = D0020/Info.plist;
				IPHONEOS_DEPLOYMENT_TARGET = 14.3;
				LD_RUNPATH_SEARCH_PATHS = (
					"$(inherited)",
					"@executable_path/Frameworks",
				);
				PRODUCT_BUNDLE_IDENTIFIER = Datateknik.D0020;
				PRODUCT_NAME = "$(TARGET_NAME)";
				SDKROOT = iphoneos;
				SWIFT_VERSION = 5.0;
				TARGETED_DEVICE_FAMILY = "1,2";
			};
			name = Debug;
		};
		D463B10225C9432A00B28560 /* Release */ = {
			isa = XCBuildConfiguration;
			buildSettings = {
				ASSETCATALOG_COMPILER_APPICON_NAME = AppIcon;
				ASSETCATALOG_COMPILER_GLOBAL_ACCENT_COLOR_NAME = AccentColor;
				CODE_SIGN_STYLE = Automatic;
				DEVELOPMENT_TEAM = BU9R45S56C;
				INFOPLIST_FILE = D0020/Info.plist;
				IPHONEOS_DEPLOYMENT_TARGET = 14.3;
				LD_RUNPATH_SEARCH_PATHS = (
					"$(inherited)",
					"@executable_path/Frameworks",
				);
				PRODUCT_BUNDLE_IDENTIFIER = Datateknik.D0020;
				PRODUCT_NAME = "$(TARGET_NAME)";
				SDKROOT = iphoneos;
				SWIFT_VERSION = 5.0;
				TARGETED_DEVICE_FAMILY = "1,2";
				VALIDATE_PRODUCT = YES;
			};
			name = Release;
		};
/* End XCBuildConfiguration section */

/* Begin XCConfigurationList section */
		D463B0C025C9432400B28560 /* Build configuration list for PBXProject "D0020" */ = {
			isa = XCConfigurationList;
			buildConfigurations = (
				D463B0F625C9432A00B28560 /* Debug */,
				D463B0F725C9432A00B28560 /* Release */,
			);
			defaultConfigurationIsVisible = 0;
			defaultConfigurationName = Release;
		};
		D463B0F825C9432A00B28560 /* Build configuration list for PBXNativeTarget "D0020 WatchKit Extension" */ = {
			isa = XCConfigurationList;
			buildConfigurations = (
				D463B0F925C9432A00B28560 /* Debug */,
				D463B0FA25C9432A00B28560 /* Release */,
			);
			defaultConfigurationIsVisible = 0;
			defaultConfigurationName = Release;
		};
		D463B0FC25C9432A00B28560 /* Build configuration list for PBXNativeTarget "D0020 WatchKit App" */ = {
			isa = XCConfigurationList;
			buildConfigurations = (
				D463B0FD25C9432A00B28560 /* Debug */,
				D463B0FE25C9432A00B28560 /* Release */,
			);
			defaultConfigurationIsVisible = 0;
			defaultConfigurationName = Release;
		};
		D463B10025C9432A00B28560 /* Build configuration list for PBXNativeTarget "D0020" */ = {
			isa = XCConfigurationList;
			buildConfigurations = (
				D463B10125C9432A00B28560 /* Debug */,
				D463B10225C9432A00B28560 /* Release */,
			);
			defaultConfigurationIsVisible = 0;
			defaultConfigurationName = Release;
		};
/* End XCConfigurationList section */
	};
	rootObject = D463B0BD25C9432400B28560 /* Project object */;
}
